
Microsoft Visual Studio Solution File, Format Version 12.00
# Visual Studio Version 17
VisualStudioVersion = 17.13.35931.197 d17.13
MinimumVisualStudioVersion = 10.0.40219.1
Project("{FAE04EC0-301F-11D3-BF4B-00C04F79EFBC}") = "day7_1", "day7_1\day7_1.csproj", "{1C056282-1CE1-4217-B2CB-261F4681B79A}"
EndProject
Global
	GlobalSection(SolutionConfigurationPlatforms) = preSolution
		Debug|Any CPU = Debug|Any CPU
		Release|Any CPU = Release|Any CPU
	EndGlobalSection
	GlobalSection(ProjectConfigurationPlatforms) = postSolution
		{1C056282-1CE1-4217-B2CB-261F4681B79A}.Debug|Any CPU.ActiveCfg = Debug|Any CPU
		{1C056282-1CE1-4217-B2CB-261F4681B79A}.Debug|Any CPU.Build.0 = Debug|Any CPU
		{1C056282-1CE1-4217-B2CB-261F4681B79A}.Release|Any CPU.ActiveCfg = Release|Any CPU
		{1C056282-1CE1-4217-B2CB-261F4681B79A}.Release|Any CPU.Build.0 = Release|Any CPU
	EndGlobalSection
	GlobalSection(SolutionProperties) = preSolution
		HideSolutionNode = FALSE
	EndGlobalSection
	GlobalSection(ExtensibilityGlobals) = postSolution
		SolutionGuid = {645549CA-B060-46EF-9DB9-32C0C9DBFFAD}
	EndGlobalSection
EndGlobal
